
Microsoft Visual Studio Solution File, Format Version 12.00
# Visual Studio Version 17
VisualStudioVersion = 17.7.34009.444
MinimumVisualStudioVersion = 10.0.40219.1
Project("{FAE04EC0-301F-11D3-BF4B-00C04F79EFBC}") = "AdventOfCode2023", "AdventOfCode2023\AdventOfCode2023.csproj", "{9544AC69-B4A2-463D-9685-E59CC01F711D}"
EndProject
Global
	GlobalSection(SolutionConfigurationPlatforms) = preSolution
		Debug|Any CPU = Debug|Any CPU
		Release|Any CPU = Release|Any CPU
	EndGlobalSection
	GlobalSection(ProjectConfigurationPlatforms) = postSolution
		{9544AC69-B4A2-463D-9685-E59CC01F711D}.Debug|Any CPU.ActiveCfg = Debug|Any CPU
		{9544AC69-B4A2-463D-9685-E59CC01F711D}.Debug|Any CPU.Build.0 = Debug|Any CPU
		{9544AC69-B4A2-463D-9685-E59CC01F711D}.Release|Any CPU.ActiveCfg = Release|Any CPU
		{9544AC69-B4A2-463D-9685-E59CC01F711D}.Release|Any CPU.Build.0 = Release|Any CPU
	EndGlobalSection
	GlobalSection(SolutionProperties) = preSolution
		HideSolutionNode = FALSE
	EndGlobalSection
	GlobalSection(ExtensibilityGlobals) = postSolution
		SolutionGuid = {65F393A0-9312-49B7-95E9-7A5606E5FC25}
	EndGlobalSection
EndGlobal
